<?xml version="1.0" encoding="utf-8"?>
<Project ToolsVersion="4.0" xmlns="http://schemas.microsoft.com/developer/msbuild/2003">
  <ItemGroup>
    <Filter Include="Sources">
      <UniqueIdentifier>{a72036b8-2751-4978-9c5a-129df24330d6}</UniqueIdentifier>
      <Extensions>cpp;c;cc;cxx;c++;cppm;ixx;def;odl;idl;hpj;bat;asm;asmx</Extensions>
    </Filter>
  </ItemGroup>
  <ItemGroup>
    <ClCompile Include="SnakeGame.cpp">
      <Filter>Sources</Filter>
    </ClCompile>
    <ClCompile Include="Game.cpp">
      <Filter>Sources</Filter>
    </ClCompile>
    <ClCompile Include="Snake.cpp">
      <Filter>Sources</Filter>
    </ClCompile>
    <ClCompile Include="Apple.cpp">
      <Filter>Sources</Filter>
    </ClCompile>
    <ClCompile Include="Wall.cpp">
      <Filter>Sources</Filter>
    </ClCompile>
    <ClCompile Include="Menu.cpp">
      <Filter>Sources</Filter>
    </ClCompile>
    <ClCompile Include="Leaderboard.cpp">
      <Filter>Sources</Filter>
    </ClCompile>
    <ClCompile Include="Math.cpp">
      <Filter>Sources</Filter>
    </ClCompile>
  </ItemGroup>
  <ItemGroup>
    <ClInclude Include="Game.h">
      <Filter>Sources</Filter>
    </ClInclude>
    <ClInclude Include="Snake.h">
      <Filter>Sources</Filter>
    </ClInclude>
    <ClInclude Include="Apple.h">
      <Filter>Sources</Filter>
    </ClInclude>
    <ClInclude Include="Wall.h">
      <Filter>Sources</Filter>
    </ClInclude>
    <ClInclude Include="Menu.h">
      <Filter>Sources</Filter>
    </ClInclude>
    <ClInclude Include="Leaderboard.h">
      <Filter>Sources</Filter>
    </ClInclude>
    <ClInclude Include="Math.h">
      <Filter>Sources</Filter>
    </ClInclude>
    <ClInclude Include="Constants.h">
      <Filter>Sources</Filter>
    </ClInclude>
  </ItemGroup>
</Project>